
Microsoft Visual Studio Solution File, Format Version 12.00
# Visual Studio Version 16
VisualStudioVersion = 16.0.30804.86
MinimumVisualStudioVersion = 10.0.40219.1
Project("{FAE04EC0-301F-11D3-BF4B-00C04F79EFBC}") = "HotelFood", "HotelFood\HotelFood.csproj", "{BECB9066-3017-4B27-9AE5-BD2D09748625}"
EndProject
Global
	GlobalSection(SolutionConfigurationPlatforms) = preSolution
		Debug|Any CPU = Debug|Any CPU
		Release|Any CPU = Release|Any CPU
	EndGlobalSection
	GlobalSection(ProjectConfigurationPlatforms) = postSolution
		{BECB9066-3017-4B27-9AE5-BD2D09748625}.Debug|Any CPU.ActiveCfg = Debug|Any CPU
		{BECB9066-3017-4B27-9AE5-BD2D09748625}.Debug|Any CPU.Build.0 = Debug|Any CPU
		{BECB9066-3017-4B27-9AE5-BD2D09748625}.Release|Any CPU.ActiveCfg = Release|Any CPU
		{BECB9066-3017-4B27-9AE5-BD2D09748625}.Release|Any CPU.Build.0 = Release|Any CPU
	EndGlobalSection
	GlobalSection(SolutionProperties) = preSolution
		HideSolutionNode = FALSE
	EndGlobalSection
	GlobalSection(ExtensibilityGlobals) = postSolution
		SolutionGuid = {DF4CB890-84E6-4BCB-991F-57912A4213C4}
	EndGlobalSection
EndGlobal
